{
    "version": 3,
    "terraform_version": "0.11.5",
    "serial": 4,
    "lineage": "1d5eb870-31b8-f20a-6234-255b0115c301",
    "modules": [
        {
            "path": [
                "root"
            ],
            "outputs": {},
            "resources": {
                "azurerm_app_service.citadel.0": {
                    "type": "azurerm_app_service",
                    "depends_on": [
                        "azurerm_app_service_plan.free.*",
                        "azurerm_resource_group.webapps",
                        "random_string.webapprnd"
                    ],
                    "primary": {
                        "id": "/subscriptions/922974b0-c0e9-45e7-9384-3bd0d91941d7/resourceGroups/WEBAPPS/providers/Microsoft.Web/sites/webapp-lpsln9p8-01-westeurope",
                        "attributes": {
                            "app_service_plan_id": "/subscriptions/922974b0-c0e9-45e7-9384-3bd0d91941d7/resourceGroups/WEBAPPS/providers/Microsoft.Web/serverfarms/plan-free-westeurope",
                            "app_settings.%": "1",
                            "app_settings.WEBSITE_NODE_DEFAULT_VERSION": "6.9.1",
                            "client_affinity_enabled": "true",
                            "connection_string.#": "0",
                            "default_site_hostname": "webapp-lpsln9p8-01-westeurope.azurewebsites.net",
                            "enabled": "true",
                            "https_only": "false",
                            "id": "/subscriptions/922974b0-c0e9-45e7-9384-3bd0d91941d7/resourceGroups/WEBAPPS/providers/Microsoft.Web/sites/webapp-lpsln9p8-01-westeurope",
                            "identity.#": "0",
                            "location": "westeurope",
                            "name": "webapp-lpsln9p8-01-westeurope",
                            "outbound_ip_addresses": "137.117.166.35,168.63.12.78,104.46.39.95,51.144.250.156,104.40.218.94",
                            "possible_outbound_ip_addresses": "137.117.166.35,168.63.12.78,104.46.39.95,51.144.250.156,104.40.218.94,104.45.30.255,52.232.110.140,51.144.254.115",
                            "resource_group_name": "WEBAPPS",
                            "site_config.#": "1",
                            "site_config.0.always_on": "false",
                            "site_config.0.app_command_line": "",
                            "site_config.0.default_documents.#": "9",
                            "site_config.0.default_documents.0": "Default.htm",
                            "site_config.0.default_documents.1": "Default.html",
                            "site_config.0.default_documents.2": "Default.asp",
                            "site_config.0.default_documents.3": "index.htm",
                            "site_config.0.default_documents.4": "index.html",
                            "site_config.0.default_documents.5": "iisstart.htm",
                            "site_config.0.default_documents.6": "default.aspx",
                            "site_config.0.default_documents.7": "index.php",
                            "site_config.0.default_documents.8": "hostingstart.html",
                            "site_config.0.dotnet_framework_version": "v4.0",
                            "site_config.0.ftps_state": "AllAllowed",
                            "site_config.0.http2_enabled": "false",
                            "site_config.0.ip_restriction.#": "0",
                            "site_config.0.java_container": "",
                            "site_config.0.java_container_version": "",
                            "site_config.0.java_version": "",
                            "site_config.0.linux_fx_version": "",
                            "site_config.0.local_mysql_enabled": "false",
                            "site_config.0.managed_pipeline_mode": "Integrated",
                            "site_config.0.min_tls_version": "1.2",
                            "site_config.0.php_version": "5.6",
                            "site_config.0.python_version": "",
                            "site_config.0.remote_debugging_enabled": "false",
                            "site_config.0.remote_debugging_version": "",
                            "site_config.0.scm_type": "None",
                            "site_config.0.use_32_bit_worker_process": "true",
                            "site_config.0.virtual_network_name": "",
                            "site_config.0.websockets_enabled": "false",
                            "site_credential.#": "1",
                            "site_credential.0.password": "8F7t2Z2Paa5RA32mzm1RdHRNlH3a3sPtr1nl7TLEoQHQRub2TvfYged7GqBP",
                            "site_credential.0.username": "$webapp-lpsln9p8-01-westeurope",
                            "source_control.#": "1",
                            "source_control.0.branch": "master",
                            "source_control.0.repo_url": "",
                            "tags.%": "2",
                            "tags.env": "training",
                            "tags.source": "citadel"
                        },
                        "meta": {},
                        "tainted": false
                    },
                    "deposed": [],
                    "provider": "provider.azurerm"
                },
                "azurerm_app_service.citadel.1": {
                    "type": "azurerm_app_service",
                    "depends_on": [
                        "azurerm_app_service_plan.free.*",
                        "azurerm_resource_group.webapps",
                        "random_string.webapprnd"
                    ],
                    "primary": {
                        "id": "/subscriptions/922974b0-c0e9-45e7-9384-3bd0d91941d7/resourceGroups/WEBAPPS/providers/Microsoft.Web/sites/webapp-lpsln9p8-02-westus2",
                        "attributes": {
                            "app_service_plan_id": "/subscriptions/922974b0-c0e9-45e7-9384-3bd0d91941d7/resourceGroups/WEBAPPS/providers/Microsoft.Web/serverfarms/plan-free-westus2",
                            "app_settings.%": "1",
                            "app_settings.WEBSITE_NODE_DEFAULT_VERSION": "6.9.1",
                            "client_affinity_enabled": "true",
                            "connection_string.#": "0",
                            "default_site_hostname": "webapp-lpsln9p8-02-westus2.azurewebsites.net",
                            "enabled": "true",
                            "https_only": "false",
                            "id": "/subscriptions/922974b0-c0e9-45e7-9384-3bd0d91941d7/resourceGroups/WEBAPPS/providers/Microsoft.Web/sites/webapp-lpsln9p8-02-westus2",
                            "identity.#": "0",
                            "location": "westus2",
                            "name": "webapp-lpsln9p8-02-westus2",
                            "outbound_ip_addresses": "51.143.102.21,52.191.170.21,52.229.37.49,52.183.123.174,52.191.137.63",
                            "possible_outbound_ip_addresses": "51.143.102.21,52.191.170.21,52.229.37.49,52.183.123.174,52.191.137.63,52.175.237.137,52.191.163.105",
                            "resource_group_name": "WEBAPPS",
                            "site_config.#": "1",
                            "site_config.0.always_on": "false",
                            "site_config.0.app_command_line": "",
                            "site_config.0.default_documents.#": "9",
                            "site_config.0.default_documents.0": "Default.htm",
                            "site_config.0.default_documents.1": "Default.html",
                            "site_config.0.default_documents.2": "Default.asp",
                            "site_config.0.default_documents.3": "index.htm",
                            "site_config.0.default_documents.4": "index.html",
                            "site_config.0.default_documents.5": "iisstart.htm",
                            "site_config.0.default_documents.6": "default.aspx",
                            "site_config.0.default_documents.7": "index.php",
                            "site_config.0.default_documents.8": "hostingstart.html",
                            "site_config.0.dotnet_framework_version": "v4.0",
                            "site_config.0.ftps_state": "AllAllowed",
                            "site_config.0.http2_enabled": "false",
                            "site_config.0.ip_restriction.#": "0",
                            "site_config.0.java_container": "",
                            "site_config.0.java_container_version": "",
                            "site_config.0.java_version": "",
                            "site_config.0.linux_fx_version": "",
                            "site_config.0.local_mysql_enabled": "false",
                            "site_config.0.managed_pipeline_mode": "Integrated",
                            "site_config.0.min_tls_version": "1.2",
                            "site_config.0.php_version": "5.6",
                            "site_config.0.python_version": "",
                            "site_config.0.remote_debugging_enabled": "false",
                            "site_config.0.remote_debugging_version": "",
                            "site_config.0.scm_type": "None",
                            "site_config.0.use_32_bit_worker_process": "true",
                            "site_config.0.virtual_network_name": "",
                            "site_config.0.websockets_enabled": "false",
                            "site_credential.#": "1",
                            "site_credential.0.password": "jblldqxWlT3Abe0E2s6vWrm2a5bdiWh2ll27rbwlTSAHAh2vo3xrd0mujgzs",
                            "site_credential.0.username": "$webapp-lpsln9p8-02-westus2",
                            "source_control.#": "1",
                            "source_control.0.branch": "master",
                            "source_control.0.repo_url": "",
                            "tags.%": "2",
                            "tags.env": "training",
                            "tags.source": "citadel"
                        },
                        "meta": {},
                        "tainted": false
                    },
                    "deposed": [],
                    "provider": "provider.azurerm"
                },
                "azurerm_app_service.citadel.2": {
                    "type": "azurerm_app_service",
                    "depends_on": [
                        "azurerm_app_service_plan.free.*",
                        "azurerm_resource_group.webapps",
                        "random_string.webapprnd"
                    ],
                    "primary": {
                        "id": "/subscriptions/922974b0-c0e9-45e7-9384-3bd0d91941d7/resourceGroups/WEBAPPS/providers/Microsoft.Web/sites/webapp-lpsln9p8-03-westindia",
                        "attributes": {
                            "app_service_plan_id": "/subscriptions/922974b0-c0e9-45e7-9384-3bd0d91941d7/resourceGroups/WEBAPPS/providers/Microsoft.Web/serverfarms/plan-free-westindia",
                            "app_settings.%": "1",
                            "app_settings.WEBSITE_NODE_DEFAULT_VERSION": "6.9.1",
                            "client_affinity_enabled": "true",
                            "connection_string.#": "0",
                            "default_site_hostname": "webapp-lpsln9p8-03-westindia.azurewebsites.net",
                            "enabled": "true",
                            "https_only": "false",
                            "id": "/subscriptions/922974b0-c0e9-45e7-9384-3bd0d91941d7/resourceGroups/WEBAPPS/providers/Microsoft.Web/sites/webapp-lpsln9p8-03-westindia",
                            "identity.#": "0",
                            "location": "westindia",
                            "name": "webapp-lpsln9p8-03-westindia",
                            "outbound_ip_addresses": "104.211.184.197,104.211.191.106,104.211.187.72,104.211.187.133,104.211.187.127",
                            "possible_outbound_ip_addresses": "104.211.184.197,104.211.191.106,104.211.187.72,104.211.187.133,104.211.187.127,104.211.190.58,104.211.190.41",
                            "resource_group_name": "WEBAPPS",
                            "site_config.#": "1",
                            "site_config.0.always_on": "false",
                            "site_config.0.app_command_line": "",
                            "site_config.0.default_documents.#": "9",
                            "site_config.0.default_documents.0": "Default.htm",
                            "site_config.0.default_documents.1": "Default.html",
                            "site_config.0.default_documents.2": "Default.asp",
                            "site_config.0.default_documents.3": "index.htm",
                            "site_config.0.default_documents.4": "index.html",
                            "site_config.0.default_documents.5": "iisstart.htm",
                            "site_config.0.default_documents.6": "default.aspx",
                            "site_config.0.default_documents.7": "index.php",
                            "site_config.0.default_documents.8": "hostingstart.html",
                            "site_config.0.dotnet_framework_version": "v4.0",
                            "site_config.0.ftps_state": "AllAllowed",
                            "site_config.0.http2_enabled": "false",
                            "site_config.0.ip_restriction.#": "0",
                            "site_config.0.java_container": "",
                            "site_config.0.java_container_version": "",
                            "site_config.0.java_version": "",
                            "site_config.0.linux_fx_version": "",
                            "site_config.0.local_mysql_enabled": "false",
                            "site_config.0.managed_pipeline_mode": "Integrated",
                            "site_config.0.min_tls_version": "1.2",
                            "site_config.0.php_version": "5.6",
                            "site_config.0.python_version": "",
                            "site_config.0.remote_debugging_enabled": "false",
                            "site_config.0.remote_debugging_version": "",
                            "site_config.0.scm_type": "None",
                            "site_config.0.use_32_bit_worker_process": "true",
                            "site_config.0.virtual_network_name": "",
                            "site_config.0.websockets_enabled": "false",
                            "site_credential.#": "1",
                            "site_credential.0.password": "sFDxTrWL31fsJaouEJNvCcsNC8C31iqrvPKwjjAZr9C2vCsDnin5rbHzRQhe",
                            "site_credential.0.username": "$webapp-lpsln9p8-03-westindia",
                            "source_control.#": "1",
                            "source_control.0.branch": "master",
                            "source_control.0.repo_url": "",
                            "tags.%": "2",
                            "tags.env": "training",
                            "tags.source": "citadel"
                        },
                        "meta": {},
                        "tainted": false
                    },
                    "deposed": [],
                    "provider": "provider.azurerm"
                },
                "azurerm_app_service_plan.free.0": {
                    "type": "azurerm_app_service_plan",
                    "depends_on": [
                        "azurerm_resource_group.webapps"
                    ],
                    "primary": {
                        "id": "/subscriptions/922974b0-c0e9-45e7-9384-3bd0d91941d7/resourceGroups/WEBAPPS/providers/Microsoft.Web/serverfarms/plan-free-westeurope",
                        "attributes": {
                            "id": "/subscriptions/922974b0-c0e9-45e7-9384-3bd0d91941d7/resourceGroups/WEBAPPS/providers/Microsoft.Web/serverfarms/plan-free-westeurope",
                            "kind": "Linux",
                            "location": "westeurope",
                            "maximum_number_of_workers": "1",
                            "name": "plan-free-westeurope",
                            "per_site_scaling": "false",
                            "properties.#": "1",
                            "properties.0.app_service_environment_id": "",
                            "properties.0.per_site_scaling": "false",
                            "properties.0.reserved": "false",
                            "reserved": "false",
                            "resource_group_name": "WEBAPPS",
                            "sku.#": "1",
                            "sku.0.capacity": "0",
                            "sku.0.size": "F1",
                            "sku.0.tier": "Free",
                            "tags.%": "2",
                            "tags.env": "training",
                            "tags.source": "citadel"
                        },
                        "meta": {},
                        "tainted": false
                    },
                    "deposed": [],
                    "provider": "provider.azurerm"
                },
                "azurerm_app_service_plan.free.1": {
                    "type": "azurerm_app_service_plan",
                    "depends_on": [
                        "azurerm_resource_group.webapps"
                    ],
                    "primary": {
                        "id": "/subscriptions/922974b0-c0e9-45e7-9384-3bd0d91941d7/resourceGroups/WEBAPPS/providers/Microsoft.Web/serverfarms/plan-free-westus2",
                        "attributes": {
                            "id": "/subscriptions/922974b0-c0e9-45e7-9384-3bd0d91941d7/resourceGroups/WEBAPPS/providers/Microsoft.Web/serverfarms/plan-free-westus2",
                            "kind": "Linux",
                            "location": "westus2",
                            "maximum_number_of_workers": "1",
                            "name": "plan-free-westus2",
                            "per_site_scaling": "false",
                            "properties.#": "1",
                            "properties.0.app_service_environment_id": "",
                            "properties.0.per_site_scaling": "false",
                            "properties.0.reserved": "false",
                            "reserved": "false",
                            "resource_group_name": "WEBAPPS",
                            "sku.#": "1",
                            "sku.0.capacity": "0",
                            "sku.0.size": "F1",
                            "sku.0.tier": "Free",
                            "tags.%": "2",
                            "tags.env": "training",
                            "tags.source": "citadel"
                        },
                        "meta": {},
                        "tainted": false
                    },
                    "deposed": [],
                    "provider": "provider.azurerm"
                },
                "azurerm_app_service_plan.free.2": {
                    "type": "azurerm_app_service_plan",
                    "depends_on": [
                        "azurerm_resource_group.webapps"
                    ],
                    "primary": {
                        "id": "/subscriptions/922974b0-c0e9-45e7-9384-3bd0d91941d7/resourceGroups/WEBAPPS/providers/Microsoft.Web/serverfarms/plan-free-westindia",
                        "attributes": {
                            "id": "/subscriptions/922974b0-c0e9-45e7-9384-3bd0d91941d7/resourceGroups/WEBAPPS/providers/Microsoft.Web/serverfarms/plan-free-westindia",
                            "kind": "Linux",
                            "location": "westindia",
                            "maximum_number_of_workers": "1",
                            "name": "plan-free-westindia",
                            "per_site_scaling": "false",
                            "properties.#": "1",
                            "properties.0.app_service_environment_id": "",
                            "properties.0.per_site_scaling": "false",
                            "properties.0.reserved": "false",
                            "reserved": "false",
                            "resource_group_name": "WEBAPPS",
                            "sku.#": "1",
                            "sku.0.capacity": "0",
                            "sku.0.size": "F1",
                            "sku.0.tier": "Free",
                            "tags.%": "2",
                            "tags.env": "training",
                            "tags.source": "citadel"
                        },
                        "meta": {},
                        "tainted": false
                    },
                    "deposed": [],
                    "provider": "provider.azurerm"
                },
                "azurerm_resource_group.webapps": {
                    "type": "azurerm_resource_group",
                    "depends_on": [],
                    "primary": {
                        "id": "/subscriptions/922974b0-c0e9-45e7-9384-3bd0d91941d7/resourceGroups/WEBAPPS",
                        "attributes": {
                            "id": "/subscriptions/922974b0-c0e9-45e7-9384-3bd0d91941d7/resourceGroups/WEBAPPS",
                            "location": "westeurope",
                            "name": "WEBAPPS",
                            "tags.%": "2",
                            "tags.env": "training",
                            "tags.source": "citadel"
                        },
                        "meta": {},
                        "tainted": false
                    },
                    "deposed": [],
                    "provider": "provider.azurerm"
                },
                "random_string.webapprnd": {
                    "type": "random_string",
                    "depends_on": [],
                    "primary": {
                        "id": "none",
                        "attributes": {
                            "id": "none",
                            "length": "8",
                            "lower": "true",
                            "min_lower": "0",
                            "min_numeric": "0",
                            "min_special": "0",
                            "min_upper": "0",
                            "number": "true",
                            "result": "lpsln9p8",
                            "special": "false",
                            "upper": "false"
                        },
                        "meta": {
                            "schema_version": "1"
                        },
                        "tainted": false
                    },
                    "deposed": [],
                    "provider": "provider.random"
                }
            },
            "depends_on": []
        }
    ]
}
