{
    "version": 3,
    "terraform_version": "0.11.5",
    "serial": 8,
    "lineage": "59b0b70b-0473-ab91-6a7c-696f33e4ea56",
    "modules": [
        {
            "path": [
                "root"
            ],
            "outputs": {},
            "resources": {
                "azurerm_network_interface.nic.0": {
                    "type": "azurerm_network_interface",
                    "depends_on": [
                        "azurerm_resource_group.nic",
                        "azurerm_subnet.prod"
                    ],
                    "primary": {
                        "id": "/subscriptions/922974b0-c0e9-45e7-9384-3bd0d91941d7/resourceGroups/NIC/providers/Microsoft.Network/networkInterfaces/mynic001",
                        "attributes": {
                            "applied_dns_servers.#": "0",
                            "dns_servers.#": "0",
                            "enable_accelerated_networking": "false",
                            "enable_ip_forwarding": "false",
                            "id": "/subscriptions/922974b0-c0e9-45e7-9384-3bd0d91941d7/resourceGroups/NIC/providers/Microsoft.Network/networkInterfaces/mynic001",
                            "internal_dns_name_label": "",
                            "internal_fqdn": "",
                            "ip_configuration.#": "1",
                            "ip_configuration.0.application_gateway_backend_address_pools_ids.#": "0",
                            "ip_configuration.0.application_security_group_ids.#": "0",
                            "ip_configuration.0.load_balancer_backend_address_pools_ids.#": "0",
                            "ip_configuration.0.load_balancer_inbound_nat_rules_ids.#": "0",
                            "ip_configuration.0.name": "testconfiguration1",
                            "ip_configuration.0.primary": "true",
                            "ip_configuration.0.private_ip_address": "",
                            "ip_configuration.0.private_ip_address_allocation": "dynamic",
                            "ip_configuration.0.private_ip_address_version": "IPv4",
                            "ip_configuration.0.public_ip_address_id": "",
                            "ip_configuration.0.subnet_id": "/subscriptions/922974b0-c0e9-45e7-9384-3bd0d91941d7/resourceGroups/NETWORK/providers/Microsoft.Network/virtualNetworks/core/subnets/prod",
                            "location": "westeurope",
                            "mac_address": "",
                            "name": "mynic001",
                            "network_security_group_id": "",
                            "private_ip_address": "10.0.4.4",
                            "private_ip_addresses.#": "1",
                            "private_ip_addresses.0": "10.0.4.4",
                            "resource_group_name": "NIC",
                            "tags.%": "2",
                            "tags.env": "training",
                            "tags.source": "citadel"
                        },
                        "meta": {},
                        "tainted": false
                    },
                    "deposed": [],
                    "provider": "provider.azurerm"
                },
                "azurerm_network_interface.nic.1": {
                    "type": "azurerm_network_interface",
                    "depends_on": [
                        "azurerm_resource_group.nic",
                        "azurerm_subnet.prod"
                    ],
                    "primary": {
                        "id": "/subscriptions/922974b0-c0e9-45e7-9384-3bd0d91941d7/resourceGroups/NIC/providers/Microsoft.Network/networkInterfaces/mynic002",
                        "attributes": {
                            "applied_dns_servers.#": "0",
                            "dns_servers.#": "0",
                            "enable_accelerated_networking": "false",
                            "enable_ip_forwarding": "false",
                            "id": "/subscriptions/922974b0-c0e9-45e7-9384-3bd0d91941d7/resourceGroups/NIC/providers/Microsoft.Network/networkInterfaces/mynic002",
                            "internal_dns_name_label": "",
                            "internal_fqdn": "",
                            "ip_configuration.#": "1",
                            "ip_configuration.0.application_gateway_backend_address_pools_ids.#": "0",
                            "ip_configuration.0.application_security_group_ids.#": "0",
                            "ip_configuration.0.load_balancer_backend_address_pools_ids.#": "0",
                            "ip_configuration.0.load_balancer_inbound_nat_rules_ids.#": "0",
                            "ip_configuration.0.name": "testconfiguration1",
                            "ip_configuration.0.primary": "true",
                            "ip_configuration.0.private_ip_address": "",
                            "ip_configuration.0.private_ip_address_allocation": "dynamic",
                            "ip_configuration.0.private_ip_address_version": "IPv4",
                            "ip_configuration.0.public_ip_address_id": "",
                            "ip_configuration.0.subnet_id": "/subscriptions/922974b0-c0e9-45e7-9384-3bd0d91941d7/resourceGroups/NETWORK/providers/Microsoft.Network/virtualNetworks/core/subnets/prod",
                            "location": "westeurope",
                            "mac_address": "",
                            "name": "mynic002",
                            "network_security_group_id": "",
                            "private_ip_address": "10.0.4.6",
                            "private_ip_addresses.#": "1",
                            "private_ip_addresses.0": "10.0.4.6",
                            "resource_group_name": "NIC",
                            "tags.%": "2",
                            "tags.env": "training",
                            "tags.source": "citadel"
                        },
                        "meta": {},
                        "tainted": false
                    },
                    "deposed": [],
                    "provider": "provider.azurerm"
                },
                "azurerm_network_interface.nic.2": {
                    "type": "azurerm_network_interface",
                    "depends_on": [
                        "azurerm_resource_group.nic",
                        "azurerm_subnet.prod"
                    ],
                    "primary": {
                        "id": "/subscriptions/922974b0-c0e9-45e7-9384-3bd0d91941d7/resourceGroups/NIC/providers/Microsoft.Network/networkInterfaces/mynic003",
                        "attributes": {
                            "applied_dns_servers.#": "0",
                            "dns_servers.#": "0",
                            "enable_accelerated_networking": "false",
                            "enable_ip_forwarding": "false",
                            "id": "/subscriptions/922974b0-c0e9-45e7-9384-3bd0d91941d7/resourceGroups/NIC/providers/Microsoft.Network/networkInterfaces/mynic003",
                            "internal_dns_name_label": "",
                            "internal_fqdn": "",
                            "ip_configuration.#": "1",
                            "ip_configuration.0.application_gateway_backend_address_pools_ids.#": "0",
                            "ip_configuration.0.application_security_group_ids.#": "0",
                            "ip_configuration.0.load_balancer_backend_address_pools_ids.#": "0",
                            "ip_configuration.0.load_balancer_inbound_nat_rules_ids.#": "0",
                            "ip_configuration.0.name": "testconfiguration1",
                            "ip_configuration.0.primary": "true",
                            "ip_configuration.0.private_ip_address": "",
                            "ip_configuration.0.private_ip_address_allocation": "dynamic",
                            "ip_configuration.0.private_ip_address_version": "IPv4",
                            "ip_configuration.0.public_ip_address_id": "",
                            "ip_configuration.0.subnet_id": "/subscriptions/922974b0-c0e9-45e7-9384-3bd0d91941d7/resourceGroups/NETWORK/providers/Microsoft.Network/virtualNetworks/core/subnets/prod",
                            "location": "westeurope",
                            "mac_address": "",
                            "name": "mynic003",
                            "network_security_group_id": "",
                            "private_ip_address": "10.0.4.5",
                            "private_ip_addresses.#": "1",
                            "private_ip_addresses.0": "10.0.4.5",
                            "resource_group_name": "NIC",
                            "tags.%": "2",
                            "tags.env": "training",
                            "tags.source": "citadel"
                        },
                        "meta": {},
                        "tainted": false
                    },
                    "deposed": [],
                    "provider": "provider.azurerm"
                },
                "azurerm_network_interface.nic.3": {
                    "type": "azurerm_network_interface",
                    "depends_on": [
                        "azurerm_resource_group.nic",
                        "azurerm_subnet.prod"
                    ],
                    "primary": {
                        "id": "/subscriptions/922974b0-c0e9-45e7-9384-3bd0d91941d7/resourceGroups/NIC/providers/Microsoft.Network/networkInterfaces/mynic004",
                        "attributes": {
                            "applied_dns_servers.#": "0",
                            "dns_servers.#": "0",
                            "enable_accelerated_networking": "false",
                            "enable_ip_forwarding": "false",
                            "id": "/subscriptions/922974b0-c0e9-45e7-9384-3bd0d91941d7/resourceGroups/NIC/providers/Microsoft.Network/networkInterfaces/mynic004",
                            "internal_dns_name_label": "",
                            "internal_fqdn": "",
                            "ip_configuration.#": "1",
                            "ip_configuration.0.application_gateway_backend_address_pools_ids.#": "0",
                            "ip_configuration.0.application_security_group_ids.#": "0",
                            "ip_configuration.0.load_balancer_backend_address_pools_ids.#": "0",
                            "ip_configuration.0.load_balancer_inbound_nat_rules_ids.#": "0",
                            "ip_configuration.0.name": "testconfiguration1",
                            "ip_configuration.0.primary": "true",
                            "ip_configuration.0.private_ip_address": "",
                            "ip_configuration.0.private_ip_address_allocation": "dynamic",
                            "ip_configuration.0.private_ip_address_version": "IPv4",
                            "ip_configuration.0.public_ip_address_id": "",
                            "ip_configuration.0.subnet_id": "/subscriptions/922974b0-c0e9-45e7-9384-3bd0d91941d7/resourceGroups/NETWORK/providers/Microsoft.Network/virtualNetworks/core/subnets/prod",
                            "location": "westeurope",
                            "mac_address": "",
                            "name": "mynic004",
                            "network_security_group_id": "",
                            "private_ip_address": "10.0.4.7",
                            "private_ip_addresses.#": "1",
                            "private_ip_addresses.0": "10.0.4.7",
                            "resource_group_name": "NIC",
                            "tags.%": "2",
                            "tags.env": "training",
                            "tags.source": "citadel"
                        },
                        "meta": {},
                        "tainted": false
                    },
                    "deposed": [],
                    "provider": "provider.azurerm"
                },
                "azurerm_network_interface.nic.4": {
                    "type": "azurerm_network_interface",
                    "depends_on": [
                        "azurerm_resource_group.nic",
                        "azurerm_subnet.prod"
                    ],
                    "primary": {
                        "id": "/subscriptions/922974b0-c0e9-45e7-9384-3bd0d91941d7/resourceGroups/NIC/providers/Microsoft.Network/networkInterfaces/mynic005",
                        "attributes": {
                            "applied_dns_servers.#": "0",
                            "dns_servers.#": "0",
                            "enable_accelerated_networking": "false",
                            "enable_ip_forwarding": "false",
                            "id": "/subscriptions/922974b0-c0e9-45e7-9384-3bd0d91941d7/resourceGroups/NIC/providers/Microsoft.Network/networkInterfaces/mynic005",
                            "internal_dns_name_label": "",
                            "internal_fqdn": "",
                            "ip_configuration.#": "1",
                            "ip_configuration.0.application_gateway_backend_address_pools_ids.#": "0",
                            "ip_configuration.0.application_security_group_ids.#": "0",
                            "ip_configuration.0.load_balancer_backend_address_pools_ids.#": "0",
                            "ip_configuration.0.load_balancer_inbound_nat_rules_ids.#": "0",
                            "ip_configuration.0.name": "testconfiguration1",
                            "ip_configuration.0.primary": "true",
                            "ip_configuration.0.private_ip_address": "",
                            "ip_configuration.0.private_ip_address_allocation": "dynamic",
                            "ip_configuration.0.private_ip_address_version": "IPv4",
                            "ip_configuration.0.public_ip_address_id": "",
                            "ip_configuration.0.subnet_id": "/subscriptions/922974b0-c0e9-45e7-9384-3bd0d91941d7/resourceGroups/NETWORK/providers/Microsoft.Network/virtualNetworks/core/subnets/prod",
                            "location": "westeurope",
                            "mac_address": "",
                            "name": "mynic005",
                            "network_security_group_id": "",
                            "private_ip_address": "10.0.4.8",
                            "private_ip_addresses.#": "1",
                            "private_ip_addresses.0": "10.0.4.8",
                            "resource_group_name": "NIC",
                            "tags.%": "2",
                            "tags.env": "training",
                            "tags.source": "citadel"
                        },
                        "meta": {},
                        "tainted": false
                    },
                    "deposed": [],
                    "provider": "provider.azurerm"
                },
                "azurerm_network_security_group.nic_ubuntu": {
                    "type": "azurerm_network_security_group",
                    "depends_on": [
                        "azurerm_resource_group.nsgs"
                    ],
                    "primary": {
                        "id": "/subscriptions/922974b0-c0e9-45e7-9384-3bd0d91941d7/resourceGroups/NSGs/providers/Microsoft.Network/networkSecurityGroups/NIC_Ubuntu",
                        "attributes": {
                            "id": "/subscriptions/922974b0-c0e9-45e7-9384-3bd0d91941d7/resourceGroups/NSGs/providers/Microsoft.Network/networkSecurityGroups/NIC_Ubuntu",
                            "location": "westeurope",
                            "name": "NIC_Ubuntu",
                            "resource_group_name": "NSGs",
                            "security_rule.#": "1",
                            "security_rule.1729925642.access": "Allow",
                            "security_rule.1729925642.description": "",
                            "security_rule.1729925642.destination_address_prefix": "*",
                            "security_rule.1729925642.destination_address_prefixes.#": "0",
                            "security_rule.1729925642.destination_application_security_group_ids.#": "0",
                            "security_rule.1729925642.destination_port_range": "22",
                            "security_rule.1729925642.destination_port_ranges.#": "0",
                            "security_rule.1729925642.direction": "Inbound",
                            "security_rule.1729925642.name": "SSH",
                            "security_rule.1729925642.priority": "100",
                            "security_rule.1729925642.protocol": "Tcp",
                            "security_rule.1729925642.source_address_prefix": "*",
                            "security_rule.1729925642.source_address_prefixes.#": "0",
                            "security_rule.1729925642.source_application_security_group_ids.#": "0",
                            "security_rule.1729925642.source_port_range": "*",
                            "security_rule.1729925642.source_port_ranges.#": "0",
                            "tags.%": "2",
                            "tags.env": "training",
                            "tags.source": "citadel"
                        },
                        "meta": {},
                        "tainted": false
                    },
                    "deposed": [],
                    "provider": "provider.azurerm"
                },
                "azurerm_network_security_group.nic_windows": {
                    "type": "azurerm_network_security_group",
                    "depends_on": [
                        "azurerm_resource_group.nsgs"
                    ],
                    "primary": {
                        "id": "/subscriptions/922974b0-c0e9-45e7-9384-3bd0d91941d7/resourceGroups/NSGs/providers/Microsoft.Network/networkSecurityGroups/NIC_Ubuntu",
                        "attributes": {
                            "id": "/subscriptions/922974b0-c0e9-45e7-9384-3bd0d91941d7/resourceGroups/NSGs/providers/Microsoft.Network/networkSecurityGroups/NIC_Ubuntu",
                            "location": "westeurope",
                            "name": "NIC_Ubuntu",
                            "resource_group_name": "NSGs",
                            "security_rule.#": "1",
                            "security_rule.1754140918.access": "Allow",
                            "security_rule.1754140918.description": "",
                            "security_rule.1754140918.destination_address_prefix": "*",
                            "security_rule.1754140918.destination_address_prefixes.#": "0",
                            "security_rule.1754140918.destination_application_security_group_ids.#": "0",
                            "security_rule.1754140918.destination_port_range": "3389",
                            "security_rule.1754140918.destination_port_ranges.#": "0",
                            "security_rule.1754140918.direction": "Inbound",
                            "security_rule.1754140918.name": "RDP",
                            "security_rule.1754140918.priority": "100",
                            "security_rule.1754140918.protocol": "Tcp",
                            "security_rule.1754140918.source_address_prefix": "*",
                            "security_rule.1754140918.source_address_prefixes.#": "0",
                            "security_rule.1754140918.source_application_security_group_ids.#": "0",
                            "security_rule.1754140918.source_port_range": "*",
                            "security_rule.1754140918.source_port_ranges.#": "0",
                            "tags.%": "2",
                            "tags.env": "training",
                            "tags.source": "citadel"
                        },
                        "meta": {},
                        "tainted": false
                    },
                    "deposed": [],
                    "provider": "provider.azurerm"
                },
                "azurerm_network_security_group.resource_group_default": {
                    "type": "azurerm_network_security_group",
                    "depends_on": [
                        "azurerm_resource_group.nsgs"
                    ],
                    "primary": {
                        "id": "/subscriptions/922974b0-c0e9-45e7-9384-3bd0d91941d7/resourceGroups/NSGs/providers/Microsoft.Network/networkSecurityGroups/ResourceGroupDefault",
                        "attributes": {
                            "id": "/subscriptions/922974b0-c0e9-45e7-9384-3bd0d91941d7/resourceGroups/NSGs/providers/Microsoft.Network/networkSecurityGroups/ResourceGroupDefault",
                            "location": "westeurope",
                            "name": "ResourceGroupDefault",
                            "resource_group_name": "NSGs",
                            "security_rule.#": "4",
                            "security_rule.1086133882.access": "Allow",
                            "security_rule.1086133882.description": "",
                            "security_rule.1086133882.destination_address_prefix": "*",
                            "security_rule.1086133882.destination_address_prefixes.#": "0",
                            "security_rule.1086133882.destination_application_security_group_ids.#": "0",
                            "security_rule.1086133882.destination_port_range": "80",
                            "security_rule.1086133882.destination_port_ranges.#": "0",
                            "security_rule.1086133882.direction": "Inbound",
                            "security_rule.1086133882.name": "AllowHTTP",
                            "security_rule.1086133882.priority": "1020",
                            "security_rule.1086133882.protocol": "Tcp",
                            "security_rule.1086133882.source_address_prefix": "*",
                            "security_rule.1086133882.source_address_prefixes.#": "0",
                            "security_rule.1086133882.source_application_security_group_ids.#": "0",
                            "security_rule.1086133882.source_port_range": "*",
                            "security_rule.1086133882.source_port_ranges.#": "0",
                            "security_rule.128904666.access": "Allow",
                            "security_rule.128904666.description": "",
                            "security_rule.128904666.destination_address_prefix": "*",
                            "security_rule.128904666.destination_address_prefixes.#": "0",
                            "security_rule.128904666.destination_application_security_group_ids.#": "0",
                            "security_rule.128904666.destination_port_range": "1443",
                            "security_rule.128904666.destination_port_ranges.#": "0",
                            "security_rule.128904666.direction": "Inbound",
                            "security_rule.128904666.name": "AllowSQLServer",
                            "security_rule.128904666.priority": "1030",
                            "security_rule.128904666.protocol": "Tcp",
                            "security_rule.128904666.source_address_prefix": "*",
                            "security_rule.128904666.source_address_prefixes.#": "0",
                            "security_rule.128904666.source_application_security_group_ids.#": "0",
                            "security_rule.128904666.source_port_range": "*",
                            "security_rule.128904666.source_port_ranges.#": "0",
                            "security_rule.3143914032.access": "Allow",
                            "security_rule.3143914032.description": "",
                            "security_rule.3143914032.destination_address_prefix": "*",
                            "security_rule.3143914032.destination_address_prefixes.#": "0",
                            "security_rule.3143914032.destination_application_security_group_ids.#": "0",
                            "security_rule.3143914032.destination_port_range": "22",
                            "security_rule.3143914032.destination_port_ranges.#": "0",
                            "security_rule.3143914032.direction": "Inbound",
                            "security_rule.3143914032.name": "AllowSSH",
                            "security_rule.3143914032.priority": "1010",
                            "security_rule.3143914032.protocol": "Tcp",
                            "security_rule.3143914032.source_address_prefix": "*",
                            "security_rule.3143914032.source_address_prefixes.#": "0",
                            "security_rule.3143914032.source_application_security_group_ids.#": "0",
                            "security_rule.3143914032.source_port_range": "*",
                            "security_rule.3143914032.source_port_ranges.#": "0",
                            "security_rule.3356894320.access": "Allow",
                            "security_rule.3356894320.description": "",
                            "security_rule.3356894320.destination_address_prefix": "*",
                            "security_rule.3356894320.destination_address_prefixes.#": "0",
                            "security_rule.3356894320.destination_application_security_group_ids.#": "0",
                            "security_rule.3356894320.destination_port_range": "443",
                            "security_rule.3356894320.destination_port_ranges.#": "0",
                            "security_rule.3356894320.direction": "Inbound",
                            "security_rule.3356894320.name": "AllowHTTPS",
                            "security_rule.3356894320.priority": "1021",
                            "security_rule.3356894320.protocol": "Tcp",
                            "security_rule.3356894320.source_address_prefix": "*",
                            "security_rule.3356894320.source_address_prefixes.#": "0",
                            "security_rule.3356894320.source_application_security_group_ids.#": "0",
                            "security_rule.3356894320.source_port_range": "*",
                            "security_rule.3356894320.source_port_ranges.#": "0",
                            "tags.%": "2",
                            "tags.env": "training",
                            "tags.source": "citadel"
                        },
                        "meta": {},
                        "tainted": false
                    },
                    "deposed": [],
                    "provider": "provider.azurerm"
                },
                "azurerm_network_security_rule.AllowHTTP": {
                    "type": "azurerm_network_security_rule",
                    "depends_on": [
                        "azurerm_network_security_group.resource_group_default",
                        "azurerm_resource_group.nsgs"
                    ],
                    "primary": {
                        "id": "/subscriptions/922974b0-c0e9-45e7-9384-3bd0d91941d7/resourceGroups/NSGs/providers/Microsoft.Network/networkSecurityGroups/ResourceGroupDefault/securityRules/AllowHTTP",
                        "attributes": {
                            "access": "Allow",
                            "description": "",
                            "destination_address_prefix": "*",
                            "destination_address_prefixes.#": "0",
                            "destination_application_security_group_ids.#": "0",
                            "destination_port_range": "80",
                            "destination_port_ranges.#": "0",
                            "direction": "Inbound",
                            "id": "/subscriptions/922974b0-c0e9-45e7-9384-3bd0d91941d7/resourceGroups/NSGs/providers/Microsoft.Network/networkSecurityGroups/ResourceGroupDefault/securityRules/AllowHTTP",
                            "name": "AllowHTTP",
                            "network_security_group_name": "ResourceGroupDefault",
                            "priority": "1020",
                            "protocol": "Tcp",
                            "resource_group_name": "NSGs",
                            "source_address_prefix": "*",
                            "source_address_prefixes.#": "0",
                            "source_application_security_group_ids.#": "0",
                            "source_port_range": "*",
                            "source_port_ranges.#": "0"
                        },
                        "meta": {},
                        "tainted": false
                    },
                    "deposed": [],
                    "provider": "provider.azurerm"
                },
                "azurerm_network_security_rule.AllowHTTPS": {
                    "type": "azurerm_network_security_rule",
                    "depends_on": [
                        "azurerm_network_security_group.resource_group_default",
                        "azurerm_resource_group.nsgs"
                    ],
                    "primary": {
                        "id": "/subscriptions/922974b0-c0e9-45e7-9384-3bd0d91941d7/resourceGroups/NSGs/providers/Microsoft.Network/networkSecurityGroups/ResourceGroupDefault/securityRules/AllowHTTPS",
                        "attributes": {
                            "access": "Allow",
                            "description": "",
                            "destination_address_prefix": "*",
                            "destination_address_prefixes.#": "0",
                            "destination_application_security_group_ids.#": "0",
                            "destination_port_range": "443",
                            "destination_port_ranges.#": "0",
                            "direction": "Inbound",
                            "id": "/subscriptions/922974b0-c0e9-45e7-9384-3bd0d91941d7/resourceGroups/NSGs/providers/Microsoft.Network/networkSecurityGroups/ResourceGroupDefault/securityRules/AllowHTTPS",
                            "name": "AllowHTTPS",
                            "network_security_group_name": "ResourceGroupDefault",
                            "priority": "1021",
                            "protocol": "Tcp",
                            "resource_group_name": "NSGs",
                            "source_address_prefix": "*",
                            "source_address_prefixes.#": "0",
                            "source_application_security_group_ids.#": "0",
                            "source_port_range": "*",
                            "source_port_ranges.#": "0"
                        },
                        "meta": {},
                        "tainted": false
                    },
                    "deposed": [],
                    "provider": "provider.azurerm"
                },
                "azurerm_network_security_rule.AllowSQLServer": {
                    "type": "azurerm_network_security_rule",
                    "depends_on": [
                        "azurerm_network_security_group.resource_group_default",
                        "azurerm_resource_group.nsgs"
                    ],
                    "primary": {
                        "id": "/subscriptions/922974b0-c0e9-45e7-9384-3bd0d91941d7/resourceGroups/NSGs/providers/Microsoft.Network/networkSecurityGroups/ResourceGroupDefault/securityRules/AllowSQLServer",
                        "attributes": {
                            "access": "Allow",
                            "description": "",
                            "destination_address_prefix": "*",
                            "destination_address_prefixes.#": "0",
                            "destination_application_security_group_ids.#": "0",
                            "destination_port_range": "1443",
                            "destination_port_ranges.#": "0",
                            "direction": "Inbound",
                            "id": "/subscriptions/922974b0-c0e9-45e7-9384-3bd0d91941d7/resourceGroups/NSGs/providers/Microsoft.Network/networkSecurityGroups/ResourceGroupDefault/securityRules/AllowSQLServer",
                            "name": "AllowSQLServer",
                            "network_security_group_name": "ResourceGroupDefault",
                            "priority": "1030",
                            "protocol": "Tcp",
                            "resource_group_name": "NSGs",
                            "source_address_prefix": "*",
                            "source_address_prefixes.#": "0",
                            "source_application_security_group_ids.#": "0",
                            "source_port_range": "*",
                            "source_port_ranges.#": "0"
                        },
                        "meta": {},
                        "tainted": false
                    },
                    "deposed": [],
                    "provider": "provider.azurerm"
                },
                "azurerm_network_security_rule.AllowSSH": {
                    "type": "azurerm_network_security_rule",
                    "depends_on": [
                        "azurerm_network_security_group.resource_group_default",
                        "azurerm_resource_group.nsgs"
                    ],
                    "primary": {
                        "id": "/subscriptions/922974b0-c0e9-45e7-9384-3bd0d91941d7/resourceGroups/NSGs/providers/Microsoft.Network/networkSecurityGroups/ResourceGroupDefault/securityRules/AllowSSH",
                        "attributes": {
                            "access": "Allow",
                            "description": "",
                            "destination_address_prefix": "*",
                            "destination_address_prefixes.#": "0",
                            "destination_application_security_group_ids.#": "0",
                            "destination_port_range": "22",
                            "destination_port_ranges.#": "0",
                            "direction": "Inbound",
                            "id": "/subscriptions/922974b0-c0e9-45e7-9384-3bd0d91941d7/resourceGroups/NSGs/providers/Microsoft.Network/networkSecurityGroups/ResourceGroupDefault/securityRules/AllowSSH",
                            "name": "AllowSSH",
                            "network_security_group_name": "ResourceGroupDefault",
                            "priority": "1010",
                            "protocol": "Tcp",
                            "resource_group_name": "NSGs",
                            "source_address_prefix": "*",
                            "source_address_prefixes.#": "0",
                            "source_application_security_group_ids.#": "0",
                            "source_port_range": "*",
                            "source_port_ranges.#": "0"
                        },
                        "meta": {},
                        "tainted": false
                    },
                    "deposed": [],
                    "provider": "provider.azurerm"
                },
                "azurerm_resource_group.network": {
                    "type": "azurerm_resource_group",
                    "depends_on": [],
                    "primary": {
                        "id": "/subscriptions/922974b0-c0e9-45e7-9384-3bd0d91941d7/resourceGroups/NETWORK",
                        "attributes": {
                            "id": "/subscriptions/922974b0-c0e9-45e7-9384-3bd0d91941d7/resourceGroups/NETWORK",
                            "location": "westeurope",
                            "name": "NETWORK",
                            "tags.%": "2",
                            "tags.env": "training",
                            "tags.source": "citadel"
                        },
                        "meta": {},
                        "tainted": false
                    },
                    "deposed": [],
                    "provider": "provider.azurerm"
                },
                "azurerm_resource_group.nic": {
                    "type": "azurerm_resource_group",
                    "depends_on": [],
                    "primary": {
                        "id": "/subscriptions/922974b0-c0e9-45e7-9384-3bd0d91941d7/resourceGroups/NIC",
                        "attributes": {
                            "id": "/subscriptions/922974b0-c0e9-45e7-9384-3bd0d91941d7/resourceGroups/NIC",
                            "location": "westeurope",
                            "name": "NIC",
                            "tags.%": "2",
                            "tags.env": "training",
                            "tags.source": "citadel"
                        },
                        "meta": {},
                        "tainted": false
                    },
                    "deposed": [],
                    "provider": "provider.azurerm"
                },
                "azurerm_resource_group.nsgs": {
                    "type": "azurerm_resource_group",
                    "depends_on": [],
                    "primary": {
                        "id": "/subscriptions/922974b0-c0e9-45e7-9384-3bd0d91941d7/resourceGroups/NSGs",
                        "attributes": {
                            "id": "/subscriptions/922974b0-c0e9-45e7-9384-3bd0d91941d7/resourceGroups/NSGs",
                            "location": "westeurope",
                            "name": "NSGs",
                            "tags.%": "2",
                            "tags.env": "training",
                            "tags.source": "citadel"
                        },
                        "meta": {},
                        "tainted": false
                    },
                    "deposed": [],
                    "provider": "provider.azurerm"
                },
                "azurerm_subnet.prod": {
                    "type": "azurerm_subnet",
                    "depends_on": [
                        "azurerm_resource_group.network",
                        "azurerm_virtual_network.core"
                    ],
                    "primary": {
                        "id": "/subscriptions/922974b0-c0e9-45e7-9384-3bd0d91941d7/resourceGroups/NETWORK/providers/Microsoft.Network/virtualNetworks/core/subnets/prod",
                        "attributes": {
                            "address_prefix": "10.0.4.0/24",
                            "delegation.#": "0",
                            "id": "/subscriptions/922974b0-c0e9-45e7-9384-3bd0d91941d7/resourceGroups/NETWORK/providers/Microsoft.Network/virtualNetworks/core/subnets/prod",
                            "ip_configurations.#": "1",
                            "ip_configurations.3999313728": "/subscriptions/922974b0-c0e9-45e7-9384-3bd0d91941d7/resourceGroups/NIC/providers/Microsoft.Network/networkInterfaces/mynic001/ipConfigurations/testconfiguration1",
                            "name": "prod",
                            "network_security_group_id": "",
                            "resource_group_name": "NETWORK",
                            "route_table_id": "",
                            "service_endpoints.#": "0",
                            "virtual_network_name": "core"
                        },
                        "meta": {},
                        "tainted": false
                    },
                    "deposed": [],
                    "provider": "provider.azurerm"
                },
                "azurerm_virtual_network.core": {
                    "type": "azurerm_virtual_network",
                    "depends_on": [
                        "azurerm_resource_group.network"
                    ],
                    "primary": {
                        "id": "/subscriptions/922974b0-c0e9-45e7-9384-3bd0d91941d7/resourceGroups/NETWORK/providers/Microsoft.Network/virtualNetworks/core",
                        "attributes": {
                            "address_space.#": "1",
                            "address_space.0": "10.0.0.0/16",
                            "dns_servers.#": "2",
                            "dns_servers.0": "1.1.1.1",
                            "dns_servers.1": "10.0.0.5",
                            "id": "/subscriptions/922974b0-c0e9-45e7-9384-3bd0d91941d7/resourceGroups/NETWORK/providers/Microsoft.Network/virtualNetworks/core",
                            "location": "westeurope",
                            "name": "core",
                            "resource_group_name": "NETWORK",
                            "subnet.#": "3",
                            "subnet.1402319291.address_prefix": "10.0.0.0/24",
                            "subnet.1402319291.id": "/subscriptions/922974b0-c0e9-45e7-9384-3bd0d91941d7/resourceGroups/NETWORK/providers/Microsoft.Network/virtualNetworks/core/subnets/GatewaySubnet",
                            "subnet.1402319291.name": "GatewaySubnet",
                            "subnet.1402319291.security_group": "",
                            "subnet.1938796483.address_prefix": "10.0.3.0/24",
                            "subnet.1938796483.id": "/subscriptions/922974b0-c0e9-45e7-9384-3bd0d91941d7/resourceGroups/NETWORK/providers/Microsoft.Network/virtualNetworks/core/subnets/Dev",
                            "subnet.1938796483.name": "Dev",
                            "subnet.1938796483.security_group": "",
                            "subnet.2099297780.address_prefix": "10.0.2.0/24",
                            "subnet.2099297780.id": "/subscriptions/922974b0-c0e9-45e7-9384-3bd0d91941d7/resourceGroups/NETWORK/providers/Microsoft.Network/virtualNetworks/core/subnets/Training",
                            "subnet.2099297780.name": "Training",
                            "subnet.2099297780.security_group": "",
                            "tags.%": "2",
                            "tags.env": "training",
                            "tags.source": "citadel"
                        },
                        "meta": {},
                        "tainted": false
                    },
                    "deposed": [],
                    "provider": "provider.azurerm"
                }
            },
            "depends_on": []
        }
    ]
}
